
Microsoft Visual Studio Solution File, Format Version 12.00
# Visual Studio Version 17
VisualStudioVersion = 17.14.36429.23 d17.14
MinimumVisualStudioVersion = 10.0.40219.1
Project("{FAE04EC0-301F-11D3-BF4B-00C04F79EFBC}") = "HaeChiCoffee", "HaeChiCoffee\HaeChiCoffee.csproj", "{2D64CBB9-7E91-4167-A43D-764F8E95D75C}"
EndProject
Global
	GlobalSection(SolutionConfigurationPlatforms) = preSolution
		Debug|Any CPU = Debug|Any CPU
		Release|Any CPU = Release|Any CPU
	EndGlobalSection
	GlobalSection(ProjectConfigurationPlatforms) = postSolution
		{2D64CBB9-7E91-4167-A43D-764F8E95D75C}.Debug|Any CPU.ActiveCfg = Debug|Any CPU
		{2D64CBB9-7E91-4167-A43D-764F8E95D75C}.Debug|Any CPU.Build.0 = Debug|Any CPU
		{2D64CBB9-7E91-4167-A43D-764F8E95D75C}.Release|Any CPU.ActiveCfg = Release|Any CPU
		{2D64CBB9-7E91-4167-A43D-764F8E95D75C}.Release|Any CPU.Build.0 = Release|Any CPU
	EndGlobalSection
	GlobalSection(SolutionProperties) = preSolution
		HideSolutionNode = FALSE
	EndGlobalSection
	GlobalSection(ExtensibilityGlobals) = postSolution
		SolutionGuid = {8D61F230-919C-4E3D-8B92-7047D35283DD}
	EndGlobalSection
EndGlobal
